// !$*UTF8*$!
{
	archiveVersion = 1;
	classes = {
	};
	objectVersion = 50;
	objects = {

/* Begin PBXBuildFile section */
		60FD3594228C689D0053FABD /* AppDelegate.swift in Sources */ = {isa = PBXBuildFile; fileRef = 60FD3593228C689D0053FABD /* AppDelegate.swift */; };
		60FD3596228C689D0053FABD /* ViewController.swift in Sources */ = {isa = PBXBuildFile; fileRef = 60FD3595228C689D0053FABD /* ViewController.swift */; };
		60FD3599228C689D0053FABD /* Main.storyboard in Resources */ = {isa = PBXBuildFile; fileRef = 60FD3597228C689D0053FABD /* Main.storyboard */; };
		60FD359B228C68A00053FABD /* Assets.xcassets in Resources */ = {isa = PBXBuildFile; fileRef = 60FD359A228C68A00053FABD /* Assets.xcassets */; };
		60FD359E228C68A00053FABD /* LaunchScreen.storyboard in Resources */ = {isa = PBXBuildFile; fileRef = 60FD359C228C68A00053FABD /* LaunchScreen.storyboard */; };
/* End PBXBuildFile section */

/* Begin PBXFileReference section */
		60FD3590228C689D0053FABD /* Simple Audio Recorder.app */ = {isa = PBXFileReference; explicitFileType = wrapper.application; includeInIndex = 0; path = "Simple Audio Recorder.app"; sourceTree = BUILT_PRODUCTS_DIR; };
		60FD3593228C689D0053FABD /* AppDelegate.swift */ = {isa = PBXFileReference; lastKnownFileType = sourcecode.swift; path = AppDelegate.swift; sourceTree = "<group>"; };
		60FD3595228C689D0053FABD /* ViewController.swift */ = {isa = PBXFileReference; lastKnownFileType = sourcecode.swift; path = ViewController.swift; sourceTree = "<group>"; };
		60FD3598228C689D0053FABD /* Base */ = {isa = PBXFileReference; lastKnownFileType = file.storyboard; name = Base; path = Base.lproj/Main.storyboard; sourceTree = "<group>"; };
		60FD359A228C68A00053FABD /* Assets.xcassets */ = {isa = PBXFileReference; lastKnownFileType = folder.assetcatalog; path = Assets.xcassets; sourceTree = "<group>"; };
		60FD359D228C68A00053FABD /* Base */ = {isa = PBXFileReference; lastKnownFileType = file.storyboard; name = Base; path = Base.lproj/LaunchScreen.storyboard; sourceTree = "<group>"; };
		60FD359F228C68A00053FABD /* Info.plist */ = {isa = PBXFileReference; lastKnownFileType = text.plist.xml; path = Info.plist; sourceTree = "<group>"; };
/* End PBXFileReference section */

/* Begin PBXFrameworksBuildPhase section */
		60FD358D228C689D0053FABD /* Frameworks */ = {
			isa = PBXFrameworksBuildPhase;
			buildActionMask = 2147483647;
			files = (
			);
			runOnlyForDeploymentPostprocessing = 0;
		};
/* End PBXFrameworksBuildPhase section */

/* Begin PBXGroup section */
		60FD3587228C689D0053FABD = {
			isa = PBXGroup;
			children = (
				60FD3592228C689D0053FABD /* Simple Audio Recorder */,
				60FD3591228C689D0053FABD /* Products */,
			);
			sourceTree = "<group>";
		};
		60FD3591228C689D0053FABD /* Products */ = {
			isa = PBXGroup;
			children = (
				60FD3590228C689D0053FABD /* Simple Audio Recorder.app */,
			);
			name = Products;
			sourceTree = "<group>";
		};
		60FD3592228C689D0053FABD /* Simple Audio Recorder */ = {
			isa = PBXGroup;
			children = (
				60FD3593228C689D0053FABD /* AppDelegate.swift */,
				60FD3595228C689D0053FABD /* ViewController.swift */,
				60FD3597228C689D0053FABD /* Main.storyboard */,
				60FD359A228C68A00053FABD /* Assets.xcassets */,
				60FD359C228C68A00053FABD /* LaunchScreen.storyboard */,
				60FD359F228C68A00053FABD /* Info.plist */,
			);
			path = "Simple Audio Recorder";
			sourceTree = "<group>";
		};
/* End PBXGroup section */

/* Begin PBXNativeTarget section */
		60FD358F228C689D0053FABD /* Simple Audio Recorder */ = {
			isa = PBXNativeTarget;
			buildConfigurationList = 60FD35A2228C68A00053FABD /* Build configuration list for PBXNativeTarget "Simple Audio Recorder" */;
			buildPhases = (
				60FD358C228C689D0053FABD /* Sources */,
				60FD358D228C689D0053FABD /* Frameworks */,
				60FD358E228C689D0053FABD /* Resources */,
			);
			buildRules = (
			);
			dependencies = (
			);
			name = "Simple Audio Recorder";
			productName = "Simple Audio Recorder";
			productReference = 60FD3590228C689D0053FABD /* Simple Audio Recorder.app */;
			productType = "com.apple.product-type.application";
		};
/* End PBXNativeTarget section */

/* Begin PBXProject section */
		60FD3588228C689D0053FABD /* Project object */ = {
			isa = PBXProject;
			attributes = {
				LastSwiftUpdateCheck = 1020;
				LastUpgradeCheck = 1020;
				ORGANIZATIONNAME = RDC;
				TargetAttributes = {
					60FD358F228C689D0053FABD = {
						CreatedOnToolsVersion = 10.2;
					};
				};
			};
			buildConfigurationList = 60FD358B228C689D0053FABD /* Build configuration list for PBXProject "Simple Audio Recorder" */;
			compatibilityVersion = "Xcode 9.3";
			developmentRegion = en;
			hasScannedForEncodings = 0;
			knownRegions = (
				en,
				Base,
			);
			mainGroup = 60FD3587228C689D0053FABD;
			productRefGroup = 60FD3591228C689D0053FABD /* Products */;
			projectDirPath = "";
			projectRoot = "";
			targets = (
				60FD358F228C689D0053FABD /* Simple Audio Recorder */,
			);
		};
/* End PBXProject section */

/* Begin PBXResourcesBuildPhase section */
		60FD358E228C689D0053FABD /* Resources */ = {
			isa = PBXResourcesBuildPhase;
			buildActionMask = 2147483647;
			files = (
				60FD359E228C68A00053FABD /* LaunchScreen.storyboard in Resources */,
				60FD359B228C68A00053FABD /* Assets.xcassets in Resources */,
				60FD3599228C689D0053FABD /* Main.storyboard in Resources */,
			);
			runOnlyForDeploymentPostprocessing = 0;
		};
/* End PBXResourcesBuildPhase section */

/* Begin PBXSourcesBuildPhase section */
		60FD358C228C689D0053FABD /* Sources */ = {
			isa = PBXSourcesBuildPhase;
			buildActionMask = 2147483647;
			files = (
				60FD3596228C689D0053FABD /* ViewController.swift in Sources */,
				60FD3594228C689D0053FABD /* AppDelegate.swift in Sources */,
			);
			runOnlyForDeploymentPostprocessing = 0;
		};
/* End PBXSourcesBuildPhase section */

/* Begin PBXVariantGroup section */
		60FD3597228C689D0053FABD /* Main.storyboard */ = {
			isa = PBXVariantGroup;
			children = (
				60FD3598228C689D0053FABD /* Base */,
			);
			name = Main.storyboard;
			sourceTree = "<group>";
		};
		60FD359C228C68A00053FABD /* LaunchScreen.storyboard */ = {
			isa = PBXVariantGroup;
			children = (
				60FD359D228C68A00053FABD /* Base */,
			);
			name = LaunchScreen.storyboard;
			sourceTree = "<group>";
		};
/* End PBXVariantGroup section */

/* Begin XCBuildConfiguration section */
		60FD35A0228C68A00053FABD /* Debug */ = {
			isa = XCBuildConfiguration;
			buildSettings = {
				ALWAYS_SEARCH_USER_PATHS = NO;
				CLANG_ANALYZER_NONNULL = YES;
				CLANG_ANALYZER_NUMBER_OBJECT_CONVERSION = YES_AGGRESSIVE;
				CLANG_CXX_LANGUAGE_STANDARD = "gnu++14";
				CLANG_CXX_LIBRARY = "libc++";
				CLANG_ENABLE_MODULES = YES;
				CLANG_ENABLE_OBJC_ARC = YES;
				CLANG_ENABLE_OBJC_WEAK = YES;
				CLANG_WARN_BLOCK_CAPTURE_AUTORELEASING = YES;
				CLANG_WARN_BOOL_CONVERSION = YES;
				CLANG_WARN_COMMA = YES;
				CLANG_WARN_CONSTANT_CONVERSION = YES;
				CLANG_WARN_DEPRECATED_OBJC_IMPLEMENTATIONS = YES;
				CLANG_WARN_DIRECT_OBJC_ISA_USAGE = YES_ERROR;
				CLANG_WARN_DOCUMENTATION_COMMENTS = YES;
				CLANG_WARN_EMPTY_BODY = YES;
				CLANG_WARN_ENUM_CONVERSION = YES;
				CLANG_WARN_INFINITE_RECURSION = YES;
				CLANG_WARN_INT_CONVERSION = YES;
				CLANG_WARN_NON_LITERAL_NULL_CONVERSION = YES;
				CLANG_WARN_OBJC_IMPLICIT_RETAIN_SELF = YES;
				CLANG_WARN_OBJC_LITERAL_CONVERSION = YES;
				CLANG_WARN_OBJC_ROOT_CLASS = YES_ERROR;
				CLANG_WARN_RANGE_LOOP_ANALYSIS = YES;
				CLANG_WARN_STRICT_PROTOTYPES = YES;
				CLANG_WARN_SUSPICIOUS_MOVE = YES;
				CLANG_WARN_UNGUARDED_AVAILABILITY = YES_AGGRESSIVE;
				CLANG_WARN_UNREACHABLE_CODE = YES;
				CLANG_WARN__DUPLICATE_METHOD_MATCH = YES;
				CODE_SIGN_IDENTITY = "iPhone Developer";
				COPY_PHASE_STRIP = NO;
				DEBUG_INFORMATION_FORMAT = dwarf;
				ENABLE_STRICT_OBJC_MSGSEND = YES;
				ENABLE_TESTABILITY = YES;
				GCC_C_LANGUAGE_STANDARD = gnu11;
				GCC_DYNAMIC_NO_PIC = NO;
				GCC_NO_COMMON_BLOCKS = YES;
				GCC_OPTIMIZATION_LEVEL = 0;
				GCC_PREPROCESSOR_DEFINITIONS = (
					"DEBUG=1",
					"$(inherited)",
				);
				GCC_WARN_64_TO_32_BIT_CONVERSION = YES;
				GCC_WARN_ABOUT_RETURN_TYPE = YES_ERROR;
				GCC_WARN_UNDECLARED_SELECTOR = YES;
				GCC_WARN_UNINITIALIZED_AUTOS = YES_AGGRESSIVE;
				GCC_WARN_UNUSED_FUNCTION = YES;
				GCC_WARN_UNUSED_VARIABLE = YES;
				IPHONEOS_DEPLOYMENT_TARGET = 12.2;
				MTL_ENABLE_DEBUG_INFO = INCLUDE_SOURCE;
				MTL_FAST_MATH = YES;
				ONLY_ACTIVE_ARCH = YES;
				SDKROOT = iphoneos;
				SWIFT_ACTIVE_COMPILATION_CONDITIONS = DEBUG;
				SWIFT_OPTIMIZATION_LEVEL = "-Onone";
			};
			name = Debug;
		};
		60FD35A1228C68A00053FABD /* Release */ = {
			isa = XCBuildConfiguration;
			buildSettings = {
				ALWAYS_SEARCH_USER_PATHS = NO;
				CLANG_ANALYZER_NONNULL = YES;
				CLANG_ANALYZER_NUMBER_OBJECT_CONVERSION = YES_AGGRESSIVE;
				CLANG_CXX_LANGUAGE_STANDARD = "gnu++14";
				CLANG_CXX_LIBRARY = "libc++";
				CLANG_ENABLE_MODULES = YES;
				CLANG_ENABLE_OBJC_ARC = YES;
				CLANG_ENABLE_OBJC_WEAK = YES;
				CLANG_WARN_BLOCK_CAPTURE_AUTORELEASING = YES;
				CLANG_WARN_BOOL_CONVERSION = YES;
				CLANG_WARN_COMMA = YES;
				CLANG_WARN_CONSTANT_CONVERSION = YES;
				CLANG_WARN_DEPRECATED_OBJC_IMPLEMENTATIONS = YES;
				CLANG_WARN_DIRECT_OBJC_ISA_USAGE = YES_ERROR;
				CLANG_WARN_DOCUMENTATION_COMMENTS = YES;
				CLANG_WARN_EMPTY_BODY = YES;
				CLANG_WARN_ENUM_CONVERSION = YES;
				CLANG_WARN_INFINITE_RECURSION = YES;
				CLANG_WARN_INT_CONVERSION = YES;
				CLANG_WARN_NON_LITERAL_NULL_CONVERSION = YES;
				CLANG_WARN_OBJC_IMPLICIT_RETAIN_SELF = YES;
				CLANG_WARN_OBJC_LITERAL_CONVERSION = YES;
				CLANG_WARN_OBJC_ROOT_CLASS = YES_ERROR;
				CLANG_WARN_RANGE_LOOP_ANALYSIS = YES;
				CLANG_WARN_STRICT_PROTOTYPES = YES;
				CLANG_WARN_SUSPICIOUS_MOVE = YES;
				CLANG_WARN_UNGUARDED_AVAILABILITY = YES_AGGRESSIVE;
				CLANG_WARN_UNREACHABLE_CODE = YES;
				CLANG_WARN__DUPLICATE_METHOD_MATCH = YES;
				CODE_SIGN_IDENTITY = "iPhone Developer";
				COPY_PHASE_STRIP = NO;
				DEBUG_INFORMATION_FORMAT = "dwarf-with-dsym";
				ENABLE_NS_ASSERTIONS = NO;
				ENABLE_STRICT_OBJC_MSGSEND = YES;
				GCC_C_LANGUAGE_STANDARD = gnu11;
				GCC_NO_COMMON_BLOCKS = YES;
				GCC_WARN_64_TO_32_BIT_CONVERSION = YES;
				GCC_WARN_ABOUT_RETURN_TYPE = YES_ERROR;
				GCC_WARN_UNDECLARED_SELECTOR = YES;
				GCC_WARN_UNINITIALIZED_AUTOS = YES_AGGRESSIVE;
				GCC_WARN_UNUSED_FUNCTION = YES;
				GCC_WARN_UNUSED_VARIABLE = YES;
				IPHONEOS_DEPLOYMENT_TARGET = 12.2;
				MTL_ENABLE_DEBUG_INFO = NO;
				MTL_FAST_MATH = YES;
				SDKROOT = iphoneos;
				SWIFT_COMPILATION_MODE = wholemodule;
				SWIFT_OPTIMIZATION_LEVEL = "-O";
				VALIDATE_PRODUCT = YES;
			};
			name = Release;
		};
		60FD35A3228C68A00053FABD /* Debug */ = {
			isa = XCBuildConfiguration;
			buildSettings = {
				ASSETCATALOG_COMPILER_APPICON_NAME = AppIcon;
				CODE_SIGN_STYLE = Automatic;
				DEVELOPMENT_TEAM = G87CHFM45D;
				INFOPLIST_FILE = "Simple Audio Recorder/Info.plist";
				LD_RUNPATH_SEARCH_PATHS = (
					"$(inherited)",
					"@executable_path/Frameworks",
				);
				PRODUCT_BUNDLE_IDENTIFIER = "com.rdc.Simple-Camera";
				PRODUCT_NAME = "$(TARGET_NAME)";
				SWIFT_VERSION = 5.0;
				TARGETED_DEVICE_FAMILY = "1,2";
			};
			name = Debug;
		};
		60FD35A4228C68A00053FABD /* Release */ = {
			isa = XCBuildConfiguration;
			buildSettings = {
				ASSETCATALOG_COMPILER_APPICON_NAME = AppIcon;
				CODE_SIGN_STYLE = Automatic;
				DEVELOPMENT_TEAM = G87CHFM45D;
				INFOPLIST_FILE = "Simple Audio Recorder/Info.plist";
				LD_RUNPATH_SEARCH_PATHS = (
					"$(inherited)",
					"@executable_path/Frameworks",
				);
				PRODUCT_BUNDLE_IDENTIFIER = "com.rdc.Simple-Camera";
				PRODUCT_NAME = "$(TARGET_NAME)";
				SWIFT_VERSION = 5.0;
				TARGETED_DEVICE_FAMILY = "1,2";
			};
			name = Release;
		};
/* End XCBuildConfiguration section */

/* Begin XCConfigurationList section */
		60FD358B228C689D0053FABD /* Build configuration list for PBXProject "Simple Audio Recorder" */ = {
			isa = XCConfigurationList;
			buildConfigurations = (
				60FD35A0228C68A00053FABD /* Debug */,
				60FD35A1228C68A00053FABD /* Release */,
			);
			defaultConfigurationIsVisible = 0;
			defaultConfigurationName = Release;
		};
		60FD35A2228C68A00053FABD /* Build configuration list for PBXNativeTarget "Simple Audio Recorder" */ = {
			isa = XCConfigurationList;
			buildConfigurations = (
				60FD35A3228C68A00053FABD /* Debug */,
				60FD35A4228C68A00053FABD /* Release */,
			);
			defaultConfigurationIsVisible = 0;
			defaultConfigurationName = Release;
		};
/* End XCConfigurationList section */
	};
	rootObject = 60FD3588228C689D0053FABD /* Project object */;
}
